
Microsoft Visual Studio Solution File, Format Version 12.00
# Visual Studio Version 17
VisualStudioVersion = 17.13.35919.96 d17.13
MinimumVisualStudioVersion = 10.0.40219.1
Project("{FAE04EC0-301F-11D3-BF4B-00C04F79EFBC}") = "AnimalSuperClass_v1", "AnimalSuperClass_v1\AnimalSuperClass_v1.csproj", "{95B6F85C-1339-43B4-9107-D14A332D997C}"
EndProject
Global
	GlobalSection(SolutionConfigurationPlatforms) = preSolution
		Debug|Any CPU = Debug|Any CPU
		Release|Any CPU = Release|Any CPU
	EndGlobalSection
	GlobalSection(ProjectConfigurationPlatforms) = postSolution
		{95B6F85C-1339-43B4-9107-D14A332D997C}.Debug|Any CPU.ActiveCfg = Debug|Any CPU
		{95B6F85C-1339-43B4-9107-D14A332D997C}.Debug|Any CPU.Build.0 = Debug|Any CPU
		{95B6F85C-1339-43B4-9107-D14A332D997C}.Release|Any CPU.ActiveCfg = Release|Any CPU
		{95B6F85C-1339-43B4-9107-D14A332D997C}.Release|Any CPU.Build.0 = Release|Any CPU
	EndGlobalSection
	GlobalSection(SolutionProperties) = preSolution
		HideSolutionNode = FALSE
	EndGlobalSection
	GlobalSection(ExtensibilityGlobals) = postSolution
		SolutionGuid = {3001F764-F2B5-4BE4-A287-C3B799422B13}
	EndGlobalSection
EndGlobal
